
Microsoft Visual Studio Solution File, Format Version 12.00
# Visual Studio Version 17
VisualStudioVersion = 17.8.34525.116
MinimumVisualStudioVersion = 10.0.40219.1
Project("{FAE04EC0-301F-11D3-BF4B-00C04F79EFBC}") = "Mnist2", "Mnist2\Mnist2.csproj", "{9121B4DB-D4B0-4EC0-81C2-209C72292781}"
EndProject
Global
	GlobalSection(SolutionConfigurationPlatforms) = preSolution
		Debug|Any CPU = Debug|Any CPU
		Release|Any CPU = Release|Any CPU
	EndGlobalSection
	GlobalSection(ProjectConfigurationPlatforms) = postSolution
		{9121B4DB-D4B0-4EC0-81C2-209C72292781}.Debug|Any CPU.ActiveCfg = Debug|Any CPU
		{9121B4DB-D4B0-4EC0-81C2-209C72292781}.Debug|Any CPU.Build.0 = Debug|Any CPU
		{9121B4DB-D4B0-4EC0-81C2-209C72292781}.Release|Any CPU.ActiveCfg = Release|Any CPU
		{9121B4DB-D4B0-4EC0-81C2-209C72292781}.Release|Any CPU.Build.0 = Release|Any CPU
	EndGlobalSection
	GlobalSection(SolutionProperties) = preSolution
		HideSolutionNode = FALSE
	EndGlobalSection
	GlobalSection(ExtensibilityGlobals) = postSolution
		SolutionGuid = {FBB85B21-A113-4F0B-A0B6-D91173B89A90}
	EndGlobalSection
EndGlobal
